
Microsoft Visual Studio Solution File, Format Version 12.00
# Visual Studio Version 16
VisualStudioVersion = 16.0.31613.86
MinimumVisualStudioVersion = 10.0.40219.1
Project("{9A19103F-16F7-4668-BE54-9A1E7A4F7556}") = "TaskFour", "TaskFour\TaskFour.csproj", "{7D181232-1F6C-4AF4-9F3D-10C54EE7A527}"
EndProject
Global
	GlobalSection(SolutionConfigurationPlatforms) = preSolution
		Debug|Any CPU = Debug|Any CPU
		Release|Any CPU = Release|Any CPU
	EndGlobalSection
	GlobalSection(ProjectConfigurationPlatforms) = postSolution
		{7D181232-1F6C-4AF4-9F3D-10C54EE7A527}.Debug|Any CPU.ActiveCfg = Debug|Any CPU
		{7D181232-1F6C-4AF4-9F3D-10C54EE7A527}.Debug|Any CPU.Build.0 = Debug|Any CPU
		{7D181232-1F6C-4AF4-9F3D-10C54EE7A527}.Release|Any CPU.ActiveCfg = Release|Any CPU
		{7D181232-1F6C-4AF4-9F3D-10C54EE7A527}.Release|Any CPU.Build.0 = Release|Any CPU
	EndGlobalSection
	GlobalSection(SolutionProperties) = preSolution
		HideSolutionNode = FALSE
	EndGlobalSection
	GlobalSection(ExtensibilityGlobals) = postSolution
		SolutionGuid = {3B526097-46ED-4E38-A5BA-212C5C3D2007}
	EndGlobalSection
EndGlobal
