
Microsoft Visual Studio Solution File, Format Version 12.00
# Visual Studio Version 16
VisualStudioVersion = 16.0.31613.86
MinimumVisualStudioVersion = 10.0.40219.1
Project("{FAE04EC0-301F-11D3-BF4B-00C04F79EFBC}") = "TaskThree", "TaskThree\TaskThree.csproj", "{40F6197E-060A-409D-9222-A4F58CDABE58}"
EndProject
Global
	GlobalSection(SolutionConfigurationPlatforms) = preSolution
		Debug|Any CPU = Debug|Any CPU
		Release|Any CPU = Release|Any CPU
	EndGlobalSection
	GlobalSection(ProjectConfigurationPlatforms) = postSolution
		{40F6197E-060A-409D-9222-A4F58CDABE58}.Debug|Any CPU.ActiveCfg = Debug|Any CPU
		{40F6197E-060A-409D-9222-A4F58CDABE58}.Debug|Any CPU.Build.0 = Debug|Any CPU
		{40F6197E-060A-409D-9222-A4F58CDABE58}.Release|Any CPU.ActiveCfg = Release|Any CPU
		{40F6197E-060A-409D-9222-A4F58CDABE58}.Release|Any CPU.Build.0 = Release|Any CPU
	EndGlobalSection
	GlobalSection(SolutionProperties) = preSolution
		HideSolutionNode = FALSE
	EndGlobalSection
	GlobalSection(ExtensibilityGlobals) = postSolution
		SolutionGuid = {147B341E-C08D-4706-B6E0-F0EB884F0E51}
	EndGlobalSection
EndGlobal
