
Microsoft Visual Studio Solution File, Format Version 12.00
# Visual Studio Version 16
VisualStudioVersion = 16.0.31613.86
MinimumVisualStudioVersion = 10.0.40219.1
Project("{FAE04EC0-301F-11D3-BF4B-00C04F79EFBC}") = "TaskTwo", "TaskTwo\TaskTwo.csproj", "{151D159D-BFBA-4ADD-8653-2D3757704096}"
EndProject
Global
	GlobalSection(SolutionConfigurationPlatforms) = preSolution
		Debug|Any CPU = Debug|Any CPU
		Release|Any CPU = Release|Any CPU
	EndGlobalSection
	GlobalSection(ProjectConfigurationPlatforms) = postSolution
		{151D159D-BFBA-4ADD-8653-2D3757704096}.Debug|Any CPU.ActiveCfg = Debug|Any CPU
		{151D159D-BFBA-4ADD-8653-2D3757704096}.Debug|Any CPU.Build.0 = Debug|Any CPU
		{151D159D-BFBA-4ADD-8653-2D3757704096}.Release|Any CPU.ActiveCfg = Release|Any CPU
		{151D159D-BFBA-4ADD-8653-2D3757704096}.Release|Any CPU.Build.0 = Release|Any CPU
	EndGlobalSection
	GlobalSection(SolutionProperties) = preSolution
		HideSolutionNode = FALSE
	EndGlobalSection
	GlobalSection(ExtensibilityGlobals) = postSolution
		SolutionGuid = {E47776B0-678F-46E1-8918-A21A31F4DD27}
	EndGlobalSection
EndGlobal
